
Microsoft Visual Studio Solution File, Format Version 12.00
# Visual Studio Version 17
VisualStudioVersion = 17.1.32210.238
MinimumVisualStudioVersion = 10.0.40219.1
Project("{FAE04EC0-301F-11D3-BF4B-00C04F79EFBC}") = "Sitecore.Foundation.DynamicSitemapAPI", "Sitecore.Foundation.DynamicSitemapAPI.csproj", "{AEB984EE-161F-4B20-8772-0FCCB05FE25B}"
EndProject
Global
	GlobalSection(SolutionConfigurationPlatforms) = preSolution
		Debug|Any CPU = Debug|Any CPU
		Release|Any CPU = Release|Any CPU
	EndGlobalSection
	GlobalSection(ProjectConfigurationPlatforms) = postSolution
		{AEB984EE-161F-4B20-8772-0FCCB05FE25B}.Debug|Any CPU.ActiveCfg = Debug|Any CPU
		{AEB984EE-161F-4B20-8772-0FCCB05FE25B}.Debug|Any CPU.Build.0 = Debug|Any CPU
		{AEB984EE-161F-4B20-8772-0FCCB05FE25B}.Release|Any CPU.ActiveCfg = Release|Any CPU
		{AEB984EE-161F-4B20-8772-0FCCB05FE25B}.Release|Any CPU.Build.0 = Release|Any CPU
	EndGlobalSection
	GlobalSection(SolutionProperties) = preSolution
		HideSolutionNode = FALSE
	EndGlobalSection
	GlobalSection(ExtensibilityGlobals) = postSolution
		SolutionGuid = {7009975D-4298-45F6-994F-FA742D8B5D1C}
	EndGlobalSection
EndGlobal
